
Microsoft Visual Studio Solution File, Format Version 12.00
# Visual Studio Version 17
VisualStudioVersion = 17.7.34221.43
MinimumVisualStudioVersion = 10.0.40219.1
Project("{FAE04EC0-301F-11D3-BF4B-00C04F79EFBC}") = "CrudApplication", "CrudApplication.csproj", "{7E187C62-FF1B-47A4-94B2-6772B5E44498}"
EndProject
Global
	GlobalSection(SolutionConfigurationPlatforms) = preSolution
		Debug|Any CPU = Debug|Any CPU
		Release|Any CPU = Release|Any CPU
	EndGlobalSection
	GlobalSection(ProjectConfigurationPlatforms) = postSolution
		{7E187C62-FF1B-47A4-94B2-6772B5E44498}.Debug|Any CPU.ActiveCfg = Debug|Any CPU
		{7E187C62-FF1B-47A4-94B2-6772B5E44498}.Debug|Any CPU.Build.0 = Debug|Any CPU
		{7E187C62-FF1B-47A4-94B2-6772B5E44498}.Release|Any CPU.ActiveCfg = Release|Any CPU
		{7E187C62-FF1B-47A4-94B2-6772B5E44498}.Release|Any CPU.Build.0 = Release|Any CPU
	EndGlobalSection
	GlobalSection(SolutionProperties) = preSolution
		HideSolutionNode = FALSE
	EndGlobalSection
	GlobalSection(ExtensibilityGlobals) = postSolution
		SolutionGuid = {C6D778BF-9C64-4613-9EBA-FC114C4D9348}
	EndGlobalSection
EndGlobal
